
Microsoft Visual Studio Solution File, Format Version 12.00
# Visual Studio Version 17
VisualStudioVersion = 17.0.31903.59
MinimumVisualStudioVersion = 10.0.40219.1
Project("{2150E333-8FDC-42A3-9474-1A3956D46DE8}") = "d:", "d:\", "{E792F7B6-6909-4AAE-8394-61F41C3AE4B9}"
EndProject
Project("{2150E333-8FDC-42A3-9474-1A3956D46DE8}") = ".Net", ".Net", "{1FD91092-3FD1-4E27-82C7-A598537D29A9}"
EndProject
Project("{FAE04EC0-301F-11D3-BF4B-00C04F79EFBC}") = "CSharp-Test", "d:\.Net\CSharp-Test\CSharp-Test.csproj", "{617B3736-68D2-41C8-9954-923AF4B4449C}"
EndProject
Global
	GlobalSection(SolutionConfigurationPlatforms) = preSolution
		Debug|Any CPU = Debug|Any CPU
		Release|Any CPU = Release|Any CPU
	EndGlobalSection
	GlobalSection(SolutionProperties) = preSolution
		HideSolutionNode = FALSE
	EndGlobalSection
	GlobalSection(ProjectConfigurationPlatforms) = postSolution
		{617B3736-68D2-41C8-9954-923AF4B4449C}.Debug|Any CPU.ActiveCfg = Debug|Any CPU
		{617B3736-68D2-41C8-9954-923AF4B4449C}.Debug|Any CPU.Build.0 = Debug|Any CPU
		{617B3736-68D2-41C8-9954-923AF4B4449C}.Release|Any CPU.ActiveCfg = Release|Any CPU
		{617B3736-68D2-41C8-9954-923AF4B4449C}.Release|Any CPU.Build.0 = Release|Any CPU
	EndGlobalSection
	GlobalSection(NestedProjects) = preSolution
		{1FD91092-3FD1-4E27-82C7-A598537D29A9} = {E792F7B6-6909-4AAE-8394-61F41C3AE4B9}
		{617B3736-68D2-41C8-9954-923AF4B4449C} = {1FD91092-3FD1-4E27-82C7-A598537D29A9}
	EndGlobalSection
EndGlobal
